
Microsoft Visual Studio Solution File, Format Version 12.00
# Visual Studio 15
VisualStudioVersion = 15.0.27428.2005
MinimumVisualStudioVersion = 10.0.40219.1
Project("{FAE04EC0-301F-11D3-BF4B-00C04F79EFBC}") = "EjemplosFormacion.EntityFramework6", "EjemplosFormacion.EntityFramework6\EjemplosFormacion.EntityFramework6.csproj", "{A73A70BD-BB1D-41A5-9CED-E3213EB3571B}"
EndProject
Project("{9A19103F-16F7-4668-BE54-9A1E7A4F7556}") = "EjemplosFormacion.EntityFrameworkCore", "EjemplosFormacion.EntityFrameworkCore\EjemplosFormacion.EntityFrameworkCore.csproj", "{E434944D-3A1F-4CAE-A666-5E6E7D4B5E9C}"
EndProject
Project("{FAE04EC0-301F-11D3-BF4B-00C04F79EFBC}") = "EjemplosFormacion.WebApi", "EjemplosFormacion.WebApi\EjemplosFormacion.WebApi.csproj", "{AC4F0624-E8EE-4DB8-ADBE-E3A92DC21588}"
EndProject
Project("{FAE04EC0-301F-11D3-BF4B-00C04F79EFBC}") = "EjemplosFormacion.Mvc", "EjemplosFormacion.Mvc\EjemplosFormacion.Mvc.csproj", "{7C8A8E58-A7CB-4637-BFE0-8EEA0FC2EA86}"
EndProject
Project("{FAE04EC0-301F-11D3-BF4B-00C04F79EFBC}") = "EjemplosFormacion.Wfc", "EjemplosFormacion.Wfc\EjemplosFormacion.Wfc.csproj", "{075B3299-9509-4FF3-9763-6CE4CF0D54DE}"
EndProject
Project("{9A19103F-16F7-4668-BE54-9A1E7A4F7556}") = "EjemplosFormacion.HelperClasess", "EjemplosFormacion.HelperClasess\EjemplosFormacion.HelperClasess.csproj", "{B5AC0B11-EEEC-4BA6-BBE3-04546B7E6850}"
EndProject
Project("{FAE04EC0-301F-11D3-BF4B-00C04F79EFBC}") = "EjemplosFormacion.HelperClasess.FullDotNet", "EjemplosFormacion.HelperClasess.FullDotNet\EjemplosFormacion.HelperClasess.FullDotNet.csproj", "{9AE79F2E-B2B1-466B-B5B9-2EC25F461B10}"
EndProject
Project("{2150E333-8FDC-42A3-9474-1A3956D46DE8}") = "EntityFramework", "EntityFramework", "{7A0F1E42-0555-4921-8206-1122B41DA2CF}"
EndProject
Project("{2150E333-8FDC-42A3-9474-1A3956D46DE8}") = "HelperClasses", "HelperClasses", "{A46A2770-8D98-4D47-9C4B-BB465C60CE87}"
EndProject
Project("{2150E333-8FDC-42A3-9474-1A3956D46DE8}") = "Web Api", "Web Api", "{617E8496-6C07-4D0D-8991-B7B654939D2C}"
EndProject
Project("{2150E333-8FDC-42A3-9474-1A3956D46DE8}") = "MVC", "MVC", "{C7CDC115-5EE1-4DAD-A8A4-2650BE99D55C}"
EndProject
Project("{2150E333-8FDC-42A3-9474-1A3956D46DE8}") = "WFC", "WFC", "{AFCDDCBD-1B03-4C8D-B227-1E511ED7BB05}"
EndProject
Project("{FAE04EC0-301F-11D3-BF4B-00C04F79EFBC}") = "EjemplosFormacion.WebApi.SelfHost", "EjemplosFormacion.WebApi.SelfHost\EjemplosFormacion.WebApi.SelfHost.csproj", "{332B94D9-0AC5-491D-AA1D-DC1116B49838}"
EndProject
Global
	GlobalSection(SolutionConfigurationPlatforms) = preSolution
		Debug|Any CPU = Debug|Any CPU
		Release|Any CPU = Release|Any CPU
	EndGlobalSection
	GlobalSection(ProjectConfigurationPlatforms) = postSolution
		{A73A70BD-BB1D-41A5-9CED-E3213EB3571B}.Debug|Any CPU.ActiveCfg = Debug|Any CPU
		{A73A70BD-BB1D-41A5-9CED-E3213EB3571B}.Debug|Any CPU.Build.0 = Debug|Any CPU
		{A73A70BD-BB1D-41A5-9CED-E3213EB3571B}.Release|Any CPU.ActiveCfg = Release|Any CPU
		{A73A70BD-BB1D-41A5-9CED-E3213EB3571B}.Release|Any CPU.Build.0 = Release|Any CPU
		{E434944D-3A1F-4CAE-A666-5E6E7D4B5E9C}.Debug|Any CPU.ActiveCfg = Debug|Any CPU
		{E434944D-3A1F-4CAE-A666-5E6E7D4B5E9C}.Debug|Any CPU.Build.0 = Debug|Any CPU
		{E434944D-3A1F-4CAE-A666-5E6E7D4B5E9C}.Release|Any CPU.ActiveCfg = Release|Any CPU
		{E434944D-3A1F-4CAE-A666-5E6E7D4B5E9C}.Release|Any CPU.Build.0 = Release|Any CPU
		{AC4F0624-E8EE-4DB8-ADBE-E3A92DC21588}.Debug|Any CPU.ActiveCfg = Debug|Any CPU
		{AC4F0624-E8EE-4DB8-ADBE-E3A92DC21588}.Debug|Any CPU.Build.0 = Debug|Any CPU
		{AC4F0624-E8EE-4DB8-ADBE-E3A92DC21588}.Release|Any CPU.ActiveCfg = Release|Any CPU
		{AC4F0624-E8EE-4DB8-ADBE-E3A92DC21588}.Release|Any CPU.Build.0 = Release|Any CPU
		{7C8A8E58-A7CB-4637-BFE0-8EEA0FC2EA86}.Debug|Any CPU.ActiveCfg = Debug|Any CPU
		{7C8A8E58-A7CB-4637-BFE0-8EEA0FC2EA86}.Debug|Any CPU.Build.0 = Debug|Any CPU
		{7C8A8E58-A7CB-4637-BFE0-8EEA0FC2EA86}.Release|Any CPU.ActiveCfg = Release|Any CPU
		{7C8A8E58-A7CB-4637-BFE0-8EEA0FC2EA86}.Release|Any CPU.Build.0 = Release|Any CPU
		{075B3299-9509-4FF3-9763-6CE4CF0D54DE}.Debug|Any CPU.ActiveCfg = Debug|Any CPU
		{075B3299-9509-4FF3-9763-6CE4CF0D54DE}.Debug|Any CPU.Build.0 = Debug|Any CPU
		{075B3299-9509-4FF3-9763-6CE4CF0D54DE}.Release|Any CPU.ActiveCfg = Release|Any CPU
		{075B3299-9509-4FF3-9763-6CE4CF0D54DE}.Release|Any CPU.Build.0 = Release|Any CPU
		{B5AC0B11-EEEC-4BA6-BBE3-04546B7E6850}.Debug|Any CPU.ActiveCfg = Debug|Any CPU
		{B5AC0B11-EEEC-4BA6-BBE3-04546B7E6850}.Debug|Any CPU.Build.0 = Debug|Any CPU
		{B5AC0B11-EEEC-4BA6-BBE3-04546B7E6850}.Release|Any CPU.ActiveCfg = Release|Any CPU
		{B5AC0B11-EEEC-4BA6-BBE3-04546B7E6850}.Release|Any CPU.Build.0 = Release|Any CPU
		{9AE79F2E-B2B1-466B-B5B9-2EC25F461B10}.Debug|Any CPU.ActiveCfg = Debug|Any CPU
		{9AE79F2E-B2B1-466B-B5B9-2EC25F461B10}.Debug|Any CPU.Build.0 = Debug|Any CPU
		{9AE79F2E-B2B1-466B-B5B9-2EC25F461B10}.Release|Any CPU.ActiveCfg = Release|Any CPU
		{9AE79F2E-B2B1-466B-B5B9-2EC25F461B10}.Release|Any CPU.Build.0 = Release|Any CPU
		{332B94D9-0AC5-491D-AA1D-DC1116B49838}.Debug|Any CPU.ActiveCfg = Debug|Any CPU
		{332B94D9-0AC5-491D-AA1D-DC1116B49838}.Debug|Any CPU.Build.0 = Debug|Any CPU
		{332B94D9-0AC5-491D-AA1D-DC1116B49838}.Release|Any CPU.ActiveCfg = Release|Any CPU
		{332B94D9-0AC5-491D-AA1D-DC1116B49838}.Release|Any CPU.Build.0 = Release|Any CPU
	EndGlobalSection
	GlobalSection(SolutionProperties) = preSolution
		HideSolutionNode = FALSE
	EndGlobalSection
	GlobalSection(NestedProjects) = preSolution
		{A73A70BD-BB1D-41A5-9CED-E3213EB3571B} = {7A0F1E42-0555-4921-8206-1122B41DA2CF}
		{E434944D-3A1F-4CAE-A666-5E6E7D4B5E9C} = {7A0F1E42-0555-4921-8206-1122B41DA2CF}
		{AC4F0624-E8EE-4DB8-ADBE-E3A92DC21588} = {617E8496-6C07-4D0D-8991-B7B654939D2C}
		{7C8A8E58-A7CB-4637-BFE0-8EEA0FC2EA86} = {C7CDC115-5EE1-4DAD-A8A4-2650BE99D55C}
		{075B3299-9509-4FF3-9763-6CE4CF0D54DE} = {AFCDDCBD-1B03-4C8D-B227-1E511ED7BB05}
		{B5AC0B11-EEEC-4BA6-BBE3-04546B7E6850} = {A46A2770-8D98-4D47-9C4B-BB465C60CE87}
		{9AE79F2E-B2B1-466B-B5B9-2EC25F461B10} = {A46A2770-8D98-4D47-9C4B-BB465C60CE87}
		{332B94D9-0AC5-491D-AA1D-DC1116B49838} = {617E8496-6C07-4D0D-8991-B7B654939D2C}
	EndGlobalSection
	GlobalSection(ExtensibilityGlobals) = postSolution
		SolutionGuid = {B83BB25C-433D-4863-8233-2FC22D66A235}
	EndGlobalSection
EndGlobal
