
Microsoft Visual Studio Solution File, Format Version 12.00
# Visual Studio 15
VisualStudioVersion = 15.0.27428.2005
MinimumVisualStudioVersion = 10.0.40219.1
Project("{FAE04EC0-301F-11D3-BF4B-00C04F79EFBC}") = "EjemplosFormacion.EntityFramework6", "EjemplosFormacion.EntityFramework6\EjemplosFormacion.EntityFramework6.csproj", "{A73A70BD-BB1D-41A5-9CED-E3213EB3571B}"
EndProject
Project("{FAE04EC0-301F-11D3-BF4B-00C04F79EFBC}") = "EjemplosFormacion.EntityFrameworkCore", "EjemplosFormacion.EntityFrameworkCore\EjemplosFormacion.EntityFrameworkCore.csproj", "{E434944D-3A1F-4CAE-A666-5E6E7D4B5E9C}"
EndProject
Project("{FAE04EC0-301F-11D3-BF4B-00C04F79EFBC}") = "EjemplosFormacion.WebApi", "EjemplosFormacion.WebApi\EjemplosFormacion.WebApi.csproj", "{AC4F0624-E8EE-4DB8-ADBE-E3A92DC21588}"
EndProject
Project("{FAE04EC0-301F-11D3-BF4B-00C04F79EFBC}") = "EjemplosFormacion.Mvc", "EjemplosFormacion.Mvc\EjemplosFormacion.Mvc.csproj", "{7C8A8E58-A7CB-4637-BFE0-8EEA0FC2EA86}"
EndProject
Project("{FAE04EC0-301F-11D3-BF4B-00C04F79EFBC}") = "EjemplosFormacion.Wfc", "EjemplosFormacion.Wfc\EjemplosFormacion.Wfc.csproj", "{075B3299-9509-4FF3-9763-6CE4CF0D54DE}"
EndProject
Global
	GlobalSection(SolutionConfigurationPlatforms) = preSolution
		Debug|Any CPU = Debug|Any CPU
		Release|Any CPU = Release|Any CPU
	EndGlobalSection
	GlobalSection(ProjectConfigurationPlatforms) = postSolution
		{A73A70BD-BB1D-41A5-9CED-E3213EB3571B}.Debug|Any CPU.ActiveCfg = Debug|Any CPU
		{A73A70BD-BB1D-41A5-9CED-E3213EB3571B}.Debug|Any CPU.Build.0 = Debug|Any CPU
		{A73A70BD-BB1D-41A5-9CED-E3213EB3571B}.Release|Any CPU.ActiveCfg = Release|Any CPU
		{A73A70BD-BB1D-41A5-9CED-E3213EB3571B}.Release|Any CPU.Build.0 = Release|Any CPU
		{E434944D-3A1F-4CAE-A666-5E6E7D4B5E9C}.Debug|Any CPU.ActiveCfg = Debug|Any CPU
		{E434944D-3A1F-4CAE-A666-5E6E7D4B5E9C}.Debug|Any CPU.Build.0 = Debug|Any CPU
		{E434944D-3A1F-4CAE-A666-5E6E7D4B5E9C}.Release|Any CPU.ActiveCfg = Release|Any CPU
		{E434944D-3A1F-4CAE-A666-5E6E7D4B5E9C}.Release|Any CPU.Build.0 = Release|Any CPU
		{AC4F0624-E8EE-4DB8-ADBE-E3A92DC21588}.Debug|Any CPU.ActiveCfg = Debug|Any CPU
		{AC4F0624-E8EE-4DB8-ADBE-E3A92DC21588}.Debug|Any CPU.Build.0 = Debug|Any CPU
		{AC4F0624-E8EE-4DB8-ADBE-E3A92DC21588}.Release|Any CPU.ActiveCfg = Release|Any CPU
		{AC4F0624-E8EE-4DB8-ADBE-E3A92DC21588}.Release|Any CPU.Build.0 = Release|Any CPU
		{7C8A8E58-A7CB-4637-BFE0-8EEA0FC2EA86}.Debug|Any CPU.ActiveCfg = Debug|Any CPU
		{7C8A8E58-A7CB-4637-BFE0-8EEA0FC2EA86}.Debug|Any CPU.Build.0 = Debug|Any CPU
		{7C8A8E58-A7CB-4637-BFE0-8EEA0FC2EA86}.Release|Any CPU.ActiveCfg = Release|Any CPU
		{7C8A8E58-A7CB-4637-BFE0-8EEA0FC2EA86}.Release|Any CPU.Build.0 = Release|Any CPU
		{075B3299-9509-4FF3-9763-6CE4CF0D54DE}.Debug|Any CPU.ActiveCfg = Debug|Any CPU
		{075B3299-9509-4FF3-9763-6CE4CF0D54DE}.Debug|Any CPU.Build.0 = Debug|Any CPU
		{075B3299-9509-4FF3-9763-6CE4CF0D54DE}.Release|Any CPU.ActiveCfg = Release|Any CPU
		{075B3299-9509-4FF3-9763-6CE4CF0D54DE}.Release|Any CPU.Build.0 = Release|Any CPU
	EndGlobalSection
	GlobalSection(SolutionProperties) = preSolution
		HideSolutionNode = FALSE
	EndGlobalSection
	GlobalSection(ExtensibilityGlobals) = postSolution
		SolutionGuid = {B83BB25C-433D-4863-8233-2FC22D66A235}
	EndGlobalSection
EndGlobal
